
Microsoft Visual Studio Solution File, Format Version 12.00
# Visual Studio 15
VisualStudioVersion = 15.0.28307.902
MinimumVisualStudioVersion = 10.0.40219.1
Project("{FAE04EC0-301F-11D3-BF4B-00C04F79EFBC}") = "EFFramework", "EFFramework\EFFramework.csproj", "{09E64AAB-1AB4-4A70-93AE-A4EDCDE7BE1D}"
EndProject
Global
	GlobalSection(SolutionConfigurationPlatforms) = preSolution
		Debug|Any CPU = Debug|Any CPU
		Release|Any CPU = Release|Any CPU
	EndGlobalSection
	GlobalSection(ProjectConfigurationPlatforms) = postSolution
		{09E64AAB-1AB4-4A70-93AE-A4EDCDE7BE1D}.Debug|Any CPU.ActiveCfg = Debug|Any CPU
		{09E64AAB-1AB4-4A70-93AE-A4EDCDE7BE1D}.Debug|Any CPU.Build.0 = Debug|Any CPU
		{09E64AAB-1AB4-4A70-93AE-A4EDCDE7BE1D}.Release|Any CPU.ActiveCfg = Release|Any CPU
		{09E64AAB-1AB4-4A70-93AE-A4EDCDE7BE1D}.Release|Any CPU.Build.0 = Release|Any CPU
	EndGlobalSection
	GlobalSection(SolutionProperties) = preSolution
		HideSolutionNode = FALSE
	EndGlobalSection
	GlobalSection(ExtensibilityGlobals) = postSolution
		SolutionGuid = {4ED9E0F3-7B3D-4160-8BC1-DC5EE3D04793}
	EndGlobalSection
EndGlobal
